// !$*UTF8*$!
{
	archiveVersion = 1;
	classes = {
	};
	objectVersion = 50;
	objects = {

/* Begin PBXBuildFile section */
		141B1CB32688E6AA00A07F41 /* RemoveButton.swift in Sources */ = {isa = PBXBuildFile; fileRef = 141B1CB22688E6AA00A07F41 /* RemoveButton.swift */; };
		14353FBA268CA86700240385 /* ConditionalModifier.swift in Sources */ = {isa = PBXBuildFile; fileRef = 14353FB9268CA86700240385 /* ConditionalModifier.swift */; };
		14404EBE2683786A003970CC /* CardPrincipal.swift in Sources */ = {isa = PBXBuildFile; fileRef = 14404EBD2683786A003970CC /* CardPrincipal.swift */; };
		14598D562684A869002D43B2 /* CardReduzido.swift in Sources */ = {isa = PBXBuildFile; fileRef = 14598D552684A869002D43B2 /* CardReduzido.swift */; };
		14598D592684C93A002D43B2 /* CardAnimationView.swift in Sources */ = {isa = PBXBuildFile; fileRef = 14598D582684C93A002D43B2 /* CardAnimationView.swift */; };
		14883FDD268A2A3900772C7C /* CardDetalhadoView.swift in Sources */ = {isa = PBXBuildFile; fileRef = 14883FDC268A2A3900772C7C /* CardDetalhadoView.swift */; };
		148A592E2686116B008B4DD8 /* Transicao.swift in Sources */ = {isa = PBXBuildFile; fileRef = 148A592D2686116B008B4DD8 /* Transicao.swift */; };
		148A593226861650008B4DD8 /* CornerRadiusStyle.swift in Sources */ = {isa = PBXBuildFile; fileRef = 148A593126861650008B4DD8 /* CornerRadiusStyle.swift */; };
		1490D355268B45610016E31A /* Semana.swift in Sources */ = {isa = PBXBuildFile; fileRef = 1490D354268B45610016E31A /* Semana.swift */; };
		14B474F52683C55E008394D5 /* CardOrganizar.swift in Sources */ = {isa = PBXBuildFile; fileRef = 14B474F42683C55E008394D5 /* CardOrganizar.swift */; };
		14C5B89026894A6D00203634 /* dasdas.swift in Sources */ = {isa = PBXBuildFile; fileRef = 14C5B88F26894A6D00203634 /* dasdas.swift */; };
		328B9F8F2684B73200286FD9 /* PlanejamentoLista.swift in Sources */ = {isa = PBXBuildFile; fileRef = 328B9F8E2684B73200286FD9 /* PlanejamentoLista.swift */; };
		32F152AD268C93AE00F8C406 /* OrganizaRefeicaoLista.swift in Sources */ = {isa = PBXBuildFile; fileRef = 32F152AC268C93AE00F8C406 /* OrganizaRefeicaoLista.swift */; };
		32F152B0268C9AF400F8C406 /* Dados.swift in Sources */ = {isa = PBXBuildFile; fileRef = 32F152AF268C9AF400F8C406 /* Dados.swift */; };
		7A132FE42684169500DC46C1 /* ListaOpcoesReceita.swift in Sources */ = {isa = PBXBuildFile; fileRef = 7A132FE32684169500DC46C1 /* ListaOpcoesReceita.swift */; };
		7A28D2422685FE6300595997 /* ItensCarrosselDias.swift in Sources */ = {isa = PBXBuildFile; fileRef = 7A28D2412685FE6300595997 /* ItensCarrosselDias.swift */; };
		7A44319B268A8BCC00F90EC2 /* TabBar.swift in Sources */ = {isa = PBXBuildFile; fileRef = 7A44319A268A8BCC00F90EC2 /* TabBar.swift */; };
		7A44319F268A9C4A00F90EC2 /* Home.swift in Sources */ = {isa = PBXBuildFile; fileRef = 7A44319E268A9C4A00F90EC2 /* Home.swift */; };
		7A4431A1268AA1D800F90EC2 /* CardHome.swift in Sources */ = {isa = PBXBuildFile; fileRef = 7A4431A0268AA1D800F90EC2 /* CardHome.swift */; };
		7A4431A3268B492500F90EC2 /* Noticia.swift in Sources */ = {isa = PBXBuildFile; fileRef = 7A4431A2268B492500F90EC2 /* Noticia.swift */; };
		7AE3E62C268B6DE400C8E18A /* ItemNoticia.swift in Sources */ = {isa = PBXBuildFile; fileRef = 7AE3E62B268B6DE400C8E18A /* ItemNoticia.swift */; };
		7AF9998F2683F90800E91065 /* ListaReceitasParaOrganizar.swift in Sources */ = {isa = PBXBuildFile; fileRef = 7AF9998E2683F90800E91065 /* ListaReceitasParaOrganizar.swift */; };
		B71FA41C26867AC100FBA88D /* ReceitaModalStack.swift in Sources */ = {isa = PBXBuildFile; fileRef = B71FA41B26867AC100FBA88D /* ReceitaModalStack.swift */; };
		B7345C28268B4A4E0021BFEF /* PesquisaLanchesView.swift in Sources */ = {isa = PBXBuildFile; fileRef = B7345C27268B4A4E0021BFEF /* PesquisaLanchesView.swift */; };
		B73E30282684F3E7007FB08D /* PesquisaReceitaView.swift in Sources */ = {isa = PBXBuildFile; fileRef = B73E30272684F3E7007FB08D /* PesquisaReceitaView.swift */; };
		B746D36B2683D20C00917D47 /* MinicardReceitaButton.swift in Sources */ = {isa = PBXBuildFile; fileRef = B746D36A2683D20C00917D47 /* MinicardReceitaButton.swift */; };
		B746D36D2683D8BE00917D47 /* SearchField.swift in Sources */ = {isa = PBXBuildFile; fileRef = B746D36C2683D8BE00917D47 /* SearchField.swift */; };
		B746D36F2683E50400917D47 /* FiiledButton.swift in Sources */ = {isa = PBXBuildFile; fileRef = B746D36E2683E50400917D47 /* FiiledButton.swift */; };
		B76BBBD22682AA5500523DAD /* MiniChallengeApp.swift in Sources */ = {isa = PBXBuildFile; fileRef = B76BBBD12682AA5500523DAD /* MiniChallengeApp.swift */; };
		B76BBBD42682AA5500523DAD /* ContentView.swift in Sources */ = {isa = PBXBuildFile; fileRef = B76BBBD32682AA5500523DAD /* ContentView.swift */; };
		B76BBBD62682AA5600523DAD /* Assets.xcassets in Resources */ = {isa = PBXBuildFile; fileRef = B76BBBD52682AA5600523DAD /* Assets.xcassets */; };
		B76BBBD92682AA5600523DAD /* Preview Assets.xcassets in Resources */ = {isa = PBXBuildFile; fileRef = B76BBBD82682AA5600523DAD /* Preview Assets.xcassets */; };
		B76BBBE22682AA7200523DAD /* Receita.swift in Sources */ = {isa = PBXBuildFile; fileRef = B76BBBE12682AA7200523DAD /* Receita.swift */; };
		B77FA58C2688DC6300D569AA /* CardapioSemanaView.swift in Sources */ = {isa = PBXBuildFile; fileRef = B77FA58B2688DC6300D569AA /* CardapioSemanaView.swift */; };
		B77FA58E2688E27E00D569AA /* ListaReceitasDeRefeicao.swift in Sources */ = {isa = PBXBuildFile; fileRef = B77FA58D2688E27E00D569AA /* ListaReceitasDeRefeicao.swift */; };
		B78B43682689255F006E5FE7 /* ControleQuantidadeReceitasModel.swift in Sources */ = {isa = PBXBuildFile; fileRef = B78B43672689255F006E5FE7 /* ControleQuantidadeReceitasModel.swift */; };
		B797C38C2684BD720048FC7C /* DottedOutlineButton.swift in Sources */ = {isa = PBXBuildFile; fileRef = B797C38B2684BD720048FC7C /* DottedOutlineButton.swift */; };
		B7CBC6412683668C00460809 /* AdicionaReceitasButton.swift in Sources */ = {isa = PBXBuildFile; fileRef = B7CBC6402683668C00460809 /* AdicionaReceitasButton.swift */; };
		B7CC709A26868C8B00E01848 /* ButtonPicker.swift in Sources */ = {isa = PBXBuildFile; fileRef = B7CC709926868C8B00E01848 /* ButtonPicker.swift */; };
		B7EAD068268B8A9400C5B552 /* listaDeReceitasPronta.swift in Sources */ = {isa = PBXBuildFile; fileRef = B7EAD067268B8A9400C5B552 /* listaDeReceitasPronta.swift */; };
/* End PBXBuildFile section */

/* Begin PBXFileReference section */
		141B1CB22688E6AA00A07F41 /* RemoveButton.swift */ = {isa = PBXFileReference; lastKnownFileType = sourcecode.swift; path = RemoveButton.swift; sourceTree = "<group>"; };
		14353FB9268CA86700240385 /* ConditionalModifier.swift */ = {isa = PBXFileReference; lastKnownFileType = sourcecode.swift; path = ConditionalModifier.swift; sourceTree = "<group>"; };
		14404EBD2683786A003970CC /* CardPrincipal.swift */ = {isa = PBXFileReference; lastKnownFileType = sourcecode.swift; path = CardPrincipal.swift; sourceTree = "<group>"; };
		14598D552684A869002D43B2 /* CardReduzido.swift */ = {isa = PBXFileReference; lastKnownFileType = sourcecode.swift; path = CardReduzido.swift; sourceTree = "<group>"; };
		14598D582684C93A002D43B2 /* CardAnimationView.swift */ = {isa = PBXFileReference; lastKnownFileType = sourcecode.swift; path = CardAnimationView.swift; sourceTree = "<group>"; };
		14883FDC268A2A3900772C7C /* CardDetalhadoView.swift */ = {isa = PBXFileReference; lastKnownFileType = sourcecode.swift; path = CardDetalhadoView.swift; sourceTree = "<group>"; };
		148A592D2686116B008B4DD8 /* Transicao.swift */ = {isa = PBXFileReference; lastKnownFileType = sourcecode.swift; path = Transicao.swift; sourceTree = "<group>"; };
		148A593126861650008B4DD8 /* CornerRadiusStyle.swift */ = {isa = PBXFileReference; lastKnownFileType = sourcecode.swift; path = CornerRadiusStyle.swift; sourceTree = "<group>"; };
		1490D354268B45610016E31A /* Semana.swift */ = {isa = PBXFileReference; lastKnownFileType = sourcecode.swift; path = Semana.swift; sourceTree = "<group>"; };
		14B474F42683C55E008394D5 /* CardOrganizar.swift */ = {isa = PBXFileReference; lastKnownFileType = sourcecode.swift; path = CardOrganizar.swift; sourceTree = "<group>"; };
		14C5B88F26894A6D00203634 /* dasdas.swift */ = {isa = PBXFileReference; lastKnownFileType = sourcecode.swift; path = dasdas.swift; sourceTree = "<group>"; };
		328B9F8E2684B73200286FD9 /* PlanejamentoLista.swift */ = {isa = PBXFileReference; lastKnownFileType = sourcecode.swift; path = PlanejamentoLista.swift; sourceTree = "<group>"; };
		32F152AC268C93AE00F8C406 /* OrganizaRefeicaoLista.swift */ = {isa = PBXFileReference; lastKnownFileType = sourcecode.swift; path = OrganizaRefeicaoLista.swift; sourceTree = "<group>"; };
		32F152AF268C9AF400F8C406 /* Dados.swift */ = {isa = PBXFileReference; lastKnownFileType = sourcecode.swift; path = Dados.swift; sourceTree = "<group>"; };
		7A132FE32684169500DC46C1 /* ListaOpcoesReceita.swift */ = {isa = PBXFileReference; lastKnownFileType = sourcecode.swift; path = ListaOpcoesReceita.swift; sourceTree = "<group>"; };
		7A28D2412685FE6300595997 /* ItensCarrosselDias.swift */ = {isa = PBXFileReference; lastKnownFileType = sourcecode.swift; path = ItensCarrosselDias.swift; sourceTree = "<group>"; };
		7A44319A268A8BCC00F90EC2 /* TabBar.swift */ = {isa = PBXFileReference; lastKnownFileType = sourcecode.swift; path = TabBar.swift; sourceTree = "<group>"; };
		7A44319E268A9C4A00F90EC2 /* Home.swift */ = {isa = PBXFileReference; lastKnownFileType = sourcecode.swift; path = Home.swift; sourceTree = "<group>"; };
		7A4431A0268AA1D800F90EC2 /* CardHome.swift */ = {isa = PBXFileReference; lastKnownFileType = sourcecode.swift; path = CardHome.swift; sourceTree = "<group>"; };
		7A4431A2268B492500F90EC2 /* Noticia.swift */ = {isa = PBXFileReference; lastKnownFileType = sourcecode.swift; path = Noticia.swift; sourceTree = "<group>"; };
		7AE3E62B268B6DE400C8E18A /* ItemNoticia.swift */ = {isa = PBXFileReference; lastKnownFileType = sourcecode.swift; path = ItemNoticia.swift; sourceTree = "<group>"; };
		7AF9998E2683F90800E91065 /* ListaReceitasParaOrganizar.swift */ = {isa = PBXFileReference; lastKnownFileType = sourcecode.swift; path = ListaReceitasParaOrganizar.swift; sourceTree = "<group>"; };
		B71FA41B26867AC100FBA88D /* ReceitaModalStack.swift */ = {isa = PBXFileReference; fileEncoding = 4; lastKnownFileType = sourcecode.swift; path = ReceitaModalStack.swift; sourceTree = "<group>"; };
		B7345C27268B4A4E0021BFEF /* PesquisaLanchesView.swift */ = {isa = PBXFileReference; lastKnownFileType = sourcecode.swift; path = PesquisaLanchesView.swift; sourceTree = "<group>"; };
		B73E30272684F3E7007FB08D /* PesquisaReceitaView.swift */ = {isa = PBXFileReference; lastKnownFileType = sourcecode.swift; path = PesquisaReceitaView.swift; sourceTree = "<group>"; };
		B746D36A2683D20C00917D47 /* MinicardReceitaButton.swift */ = {isa = PBXFileReference; lastKnownFileType = sourcecode.swift; path = MinicardReceitaButton.swift; sourceTree = "<group>"; };
		B746D36C2683D8BE00917D47 /* SearchField.swift */ = {isa = PBXFileReference; lastKnownFileType = sourcecode.swift; path = SearchField.swift; sourceTree = "<group>"; };
		B746D36E2683E50400917D47 /* FiiledButton.swift */ = {isa = PBXFileReference; lastKnownFileType = sourcecode.swift; path = FiiledButton.swift; sourceTree = "<group>"; };
		B76BBBCE2682AA5500523DAD /* MiniChallenge.app */ = {isa = PBXFileReference; explicitFileType = wrapper.application; includeInIndex = 0; path = MiniChallenge.app; sourceTree = BUILT_PRODUCTS_DIR; };
		B76BBBD12682AA5500523DAD /* MiniChallengeApp.swift */ = {isa = PBXFileReference; lastKnownFileType = sourcecode.swift; path = MiniChallengeApp.swift; sourceTree = "<group>"; };
		B76BBBD32682AA5500523DAD /* ContentView.swift */ = {isa = PBXFileReference; lastKnownFileType = sourcecode.swift; path = ContentView.swift; sourceTree = "<group>"; };
		B76BBBD52682AA5600523DAD /* Assets.xcassets */ = {isa = PBXFileReference; lastKnownFileType = folder.assetcatalog; path = Assets.xcassets; sourceTree = "<group>"; };
		B76BBBD82682AA5600523DAD /* Preview Assets.xcassets */ = {isa = PBXFileReference; lastKnownFileType = folder.assetcatalog; path = "Preview Assets.xcassets"; sourceTree = "<group>"; };
		B76BBBDA2682AA5600523DAD /* Info.plist */ = {isa = PBXFileReference; lastKnownFileType = text.plist.xml; path = Info.plist; sourceTree = "<group>"; };
		B76BBBE12682AA7200523DAD /* Receita.swift */ = {isa = PBXFileReference; lastKnownFileType = sourcecode.swift; path = Receita.swift; sourceTree = "<group>"; };
		B77FA58B2688DC6300D569AA /* CardapioSemanaView.swift */ = {isa = PBXFileReference; lastKnownFileType = sourcecode.swift; path = CardapioSemanaView.swift; sourceTree = "<group>"; };
		B77FA58D2688E27E00D569AA /* ListaReceitasDeRefeicao.swift */ = {isa = PBXFileReference; lastKnownFileType = sourcecode.swift; path = ListaReceitasDeRefeicao.swift; sourceTree = "<group>"; };
		B78B43672689255F006E5FE7 /* ControleQuantidadeReceitasModel.swift */ = {isa = PBXFileReference; lastKnownFileType = sourcecode.swift; path = ControleQuantidadeReceitasModel.swift; sourceTree = "<group>"; };
		B797C38B2684BD720048FC7C /* DottedOutlineButton.swift */ = {isa = PBXFileReference; lastKnownFileType = sourcecode.swift; path = DottedOutlineButton.swift; sourceTree = "<group>"; };
		B7CBC6402683668C00460809 /* AdicionaReceitasButton.swift */ = {isa = PBXFileReference; lastKnownFileType = sourcecode.swift; path = AdicionaReceitasButton.swift; sourceTree = "<group>"; };
		B7CC709926868C8B00E01848 /* ButtonPicker.swift */ = {isa = PBXFileReference; lastKnownFileType = sourcecode.swift; path = ButtonPicker.swift; sourceTree = "<group>"; };
		B7EAD067268B8A9400C5B552 /* listaDeReceitasPronta.swift */ = {isa = PBXFileReference; lastKnownFileType = sourcecode.swift; path = listaDeReceitasPronta.swift; sourceTree = "<group>"; };
/* End PBXFileReference section */

/* Begin PBXFrameworksBuildPhase section */
		B76BBBCB2682AA5500523DAD /* Frameworks */ = {
			isa = PBXFrameworksBuildPhase;
			buildActionMask = 2147483647;
			files = (
			);
			runOnlyForDeploymentPostprocessing = 0;
		};
/* End PBXFrameworksBuildPhase section */

/* Begin PBXGroup section */
		14598D572684C8FF002D43B2 /* CardExpand */ = {
			isa = PBXGroup;
			children = (
				14598D582684C93A002D43B2 /* CardAnimationView.swift */,
				14883FDC268A2A3900772C7C /* CardDetalhadoView.swift */,
				14C5B88F26894A6D00203634 /* dasdas.swift */,
			);
			path = CardExpand;
			sourceTree = "<group>";
		};
		1490D352268B42C20016E31A /* Extensions */ = {
			isa = PBXGroup;
			children = (
				148A592D2686116B008B4DD8 /* Transicao.swift */,
				148A593126861650008B4DD8 /* CornerRadiusStyle.swift */,
				14353FB9268CA86700240385 /* ConditionalModifier.swift */,
			);
			path = Extensions;
			sourceTree = "<group>";
		};
		1490D353268B43B00016E31A /* Início */ = {
			isa = PBXGroup;
			children = (
				1490D354268B45610016E31A /* Semana.swift */,
			);
			name = "Início";
			path = "Início";
			sourceTree = "<group>";
		};
		7A44319D268A9C2E00F90EC2 /* Home */ = {
			isa = PBXGroup;
			children = (
				7A44319E268A9C4A00F90EC2 /* Home.swift */,
			);
			path = Home;
			sourceTree = "<group>";
		};
		328B9F872684B68400286FD9 /* Telas */ = {
			isa = PBXGroup;
			children = (
				328B9F8E2684B73200286FD9 /* PlanejamentoLista.swift */,
				32F152AC268C93AE00F8C406 /* OrganizaRefeicaoLista.swift */,
			);
			path = Telas;
			sourceTree = "<group>";
		};
		B73E30262684F30B007FB08D /* Planejamento */ = {
			isa = PBXGroup;
			children = (
				B71FA41B26867AC100FBA88D /* ReceitaModalStack.swift */,
				B73E30272684F3E7007FB08D /* PesquisaReceitaView.swift */,
				B77FA58B2688DC6300D569AA /* CardapioSemanaView.swift */,
				B7345C27268B4A4E0021BFEF /* PesquisaLanchesView.swift */,
			);
			path = Planejamento;
			sourceTree = "<group>";
		};
		B76BBBC52682AA5500523DAD = {
			isa = PBXGroup;
			children = (
				B76BBBD02682AA5500523DAD /* MiniChallenge */,
				B76BBBCF2682AA5500523DAD /* Products */,
			);
			sourceTree = "<group>";
		};
		B76BBBCF2682AA5500523DAD /* Products */ = {
			isa = PBXGroup;
			children = (
				B76BBBCE2682AA5500523DAD /* MiniChallenge.app */,
			);
			name = Products;
			sourceTree = "<group>";
		};
		B76BBBD02682AA5500523DAD /* MiniChallenge */ = {
			isa = PBXGroup;
			children = (
				B76BBBD12682AA5500523DAD /* MiniChallengeApp.swift */,
				B76BBBD32682AA5500523DAD /* ContentView.swift */,
				328B9F872684B68400286FD9 /* Telas */,
				B73E30262684F30B007FB08D /* Planejamento */,
				1490D353268B43B00016E31A /* Início */,
				7A44319D268A9C2E00F90EC2 /* Home */,
				B7CBC63F2683662400460809 /* Components */,
				14598D572684C8FF002D43B2 /* CardExpand */,
				1490D352268B42C20016E31A /* Extensions */,
				B76BBBE02682AA6300523DAD /* Model */,
				B76BBBD52682AA5600523DAD /* Assets.xcassets */,
				B76BBBDA2682AA5600523DAD /* Info.plist */,
				B76BBBD72682AA5600523DAD /* Preview Content */,
			);
			path = MiniChallenge;
			sourceTree = "<group>";
		};
		B76BBBD72682AA5600523DAD /* Preview Content */ = {
			isa = PBXGroup;
			children = (
				B76BBBD82682AA5600523DAD /* Preview Assets.xcassets */,
			);
			path = "Preview Content";
			sourceTree = "<group>";
		};
		B76BBBE02682AA6300523DAD /* Model */ = {
			isa = PBXGroup;
			children = (
				B76BBBE12682AA7200523DAD /* Receita.swift */,
				B7EAD067268B8A9400C5B552 /* listaDeReceitasPronta.swift */,
				B78B43672689255F006E5FE7 /* ControleQuantidadeReceitasModel.swift */,
				32F152AF268C9AF400F8C406 /* Dados.swift */,
				7A4431A2268B492500F90EC2 /* Noticia.swift */,
			);
			path = Model;
			sourceTree = "<group>";
		};
		B7CBC63F2683662400460809 /* Components */ = {
			isa = PBXGroup;
			children = (
				B7CBC6402683668C00460809 /* AdicionaReceitasButton.swift */,
				7AF9998E2683F90800E91065 /* ListaReceitasParaOrganizar.swift */,
				7A132FE32684169500DC46C1 /* ListaOpcoesReceita.swift */,
				7A28D2412685FE6300595997 /* ItensCarrosselDias.swift */,
				14404EBD2683786A003970CC /* CardPrincipal.swift */,
				14B474F42683C55E008394D5 /* CardOrganizar.swift */,
				14598D552684A869002D43B2 /* CardReduzido.swift */,
				B746D36A2683D20C00917D47 /* MinicardReceitaButton.swift */,
				B746D36C2683D8BE00917D47 /* SearchField.swift */,
				B746D36E2683E50400917D47 /* FiiledButton.swift */,
				B797C38B2684BD720048FC7C /* DottedOutlineButton.swift */,
				141B1CB22688E6AA00A07F41 /* RemoveButton.swift */,
				B7CC709926868C8B00E01848 /* ButtonPicker.swift */,
				B77FA58D2688E27E00D569AA /* ListaReceitasDeRefeicao.swift */,
				7A44319A268A8BCC00F90EC2 /* TabBar.swift */,
				7A4431A0268AA1D800F90EC2 /* CardHome.swift */,
				7AE3E62B268B6DE400C8E18A /* ItemNoticia.swift */,
			);
			path = Components;
			sourceTree = "<group>";
		};
/* End PBXGroup section */

/* Begin PBXNativeTarget section */
		B76BBBCD2682AA5500523DAD /* MiniChallenge */ = {
			isa = PBXNativeTarget;
			buildConfigurationList = B76BBBDD2682AA5600523DAD /* Build configuration list for PBXNativeTarget "MiniChallenge" */;
			buildPhases = (
				B76BBBCA2682AA5500523DAD /* Sources */,
				B76BBBCB2682AA5500523DAD /* Frameworks */,
				B76BBBCC2682AA5500523DAD /* Resources */,
			);
			buildRules = (
			);
			dependencies = (
			);
			name = MiniChallenge;
			productName = MiniChallenge;
			productReference = B76BBBCE2682AA5500523DAD /* MiniChallenge.app */;
			productType = "com.apple.product-type.application";
		};
/* End PBXNativeTarget section */

/* Begin PBXProject section */
		B76BBBC62682AA5500523DAD /* Project object */ = {
			isa = PBXProject;
			attributes = {
				LastSwiftUpdateCheck = 1250;
				LastUpgradeCheck = 1250;
				TargetAttributes = {
					B76BBBCD2682AA5500523DAD = {
						CreatedOnToolsVersion = 12.5;
					};
				};
			};
			buildConfigurationList = B76BBBC92682AA5500523DAD /* Build configuration list for PBXProject "MiniChallenge" */;
			compatibilityVersion = "Xcode 9.3";
			developmentRegion = en;
			hasScannedForEncodings = 0;
			knownRegions = (
				en,
				Base,
			);
			mainGroup = B76BBBC52682AA5500523DAD;
			productRefGroup = B76BBBCF2682AA5500523DAD /* Products */;
			projectDirPath = "";
			projectRoot = "";
			targets = (
				B76BBBCD2682AA5500523DAD /* MiniChallenge */,
			);
		};
/* End PBXProject section */

/* Begin PBXResourcesBuildPhase section */
		B76BBBCC2682AA5500523DAD /* Resources */ = {
			isa = PBXResourcesBuildPhase;
			buildActionMask = 2147483647;
			files = (
				B76BBBD92682AA5600523DAD /* Preview Assets.xcassets in Resources */,
				B76BBBD62682AA5600523DAD /* Assets.xcassets in Resources */,
			);
			runOnlyForDeploymentPostprocessing = 0;
		};
/* End PBXResourcesBuildPhase section */

/* Begin PBXSourcesBuildPhase section */
		B76BBBCA2682AA5500523DAD /* Sources */ = {
			isa = PBXSourcesBuildPhase;
			buildActionMask = 2147483647;
			files = (
				7A28D2422685FE6300595997 /* ItensCarrosselDias.swift in Sources */,
				B746D36D2683D8BE00917D47 /* SearchField.swift in Sources */,
				14598D592684C93A002D43B2 /* PageAnimation.swift in Sources */,
				7A44319B268A8BCC00F90EC2 /* TabBar.swift in Sources */,
				B76BBBD42682AA5500523DAD /* ContentView.swift in Sources */,
				B746D36F2683E50400917D47 /* FiiledButton.swift in Sources */,
				7A4431A1268AA1D800F90EC2 /* CardHome.swift in Sources */,
				14883FDD268A2A3900772C7C /* CardDetalhadoView.swift in Sources */,
				14353FBA268CA86700240385 /* ConditionalModifier.swift in Sources */,
				32F152B0268C9AF400F8C406 /* Dados.swift in Sources */,
				14598D592684C93A002D43B2 /* CardAnimationView.swift in Sources */,
				14C5B89026894A6D00203634 /* dasdas.swift in Sources */,
				141B1CB32688E6AA00A07F41 /* RemoveButton.swift in Sources */,
				B76BBBD42682AA5500523DAD /* ContentView.swift in Sources */,
				B7EAD068268B8A9400C5B552 /* listaDeReceitasPronta.swift in Sources */,
				B746D36F2683E50400917D47 /* FiiledButton.swift in Sources */,
				B7345C28268B4A4E0021BFEF /* PesquisaLanchesView.swift in Sources */,
				B7CC709A26868C8B00E01848 /* ButtonPicker.swift in Sources */,
				B77FA58C2688DC6300D569AA /* CardapioSemanaView.swift in Sources */,
				14B474F52683C55E008394D5 /* CardOrganizar.swift in Sources */,
				14598D562684A869002D43B2 /* CardReduzido.swift in Sources */,
				B76BBBE22682AA7200523DAD /* Receita.swift in Sources */,
				1490D355268B45610016E31A /* Semana.swift in Sources */,
				148A592E2686116B008B4DD8 /* Transicao.swift in Sources */,
				7A132FE42684169500DC46C1 /* ListaOpcoesReceita.swift in Sources */,
				B78B43682689255F006E5FE7 /* ControleQuantidadeReceitasModel.swift in Sources */,
				B77FA58E2688E27E00D569AA /* ListaReceitasDeRefeicao.swift in Sources */,
				B797C38C2684BD720048FC7C /* DottedOutlineButton.swift in Sources */,
				B746D36B2683D20C00917D47 /* MinicardReceitaButton.swift in Sources */,
				328B9F8F2684B73200286FD9 /* PlanejamentoLista.swift in Sources */,
				32F152AD268C93AE00F8C406 /* OrganizaRefeicaoLista.swift in Sources */,
				148A593226861650008B4DD8 /* CornerRadiusStyle.swift in Sources */,
				B76BBBD22682AA5500523DAD /* MiniChallengeApp.swift in Sources */,
				B73E30282684F3E7007FB08D /* PesquisaReceitaView.swift in Sources */,
				7AF9998F2683F90800E91065 /* ListaReceitasParaOrganizar.swift in Sources */,
				7A4431A3268B492500F90EC2 /* Noticia.swift in Sources */,
				B7CBC6412683668C00460809 /* AdicionaReceitasButton.swift in Sources */,
				7A44319F268A9C4A00F90EC2 /* Home.swift in Sources */,
				B71FA41C26867AC100FBA88D /* ReceitaModalStack.swift in Sources */,
				7AE3E62C268B6DE400C8E18A /* ItemNoticia.swift in Sources */,
				14404EBE2683786A003970CC /* CardPrincipal.swift in Sources */,
			);
			runOnlyForDeploymentPostprocessing = 0;
		};
/* End PBXSourcesBuildPhase section */

/* Begin XCBuildConfiguration section */
		B76BBBDB2682AA5600523DAD /* Debug */ = {
			isa = XCBuildConfiguration;
			buildSettings = {
				ALWAYS_SEARCH_USER_PATHS = NO;
				CLANG_ANALYZER_NONNULL = YES;
				CLANG_ANALYZER_NUMBER_OBJECT_CONVERSION = YES_AGGRESSIVE;
				CLANG_CXX_LANGUAGE_STANDARD = "gnu++14";
				CLANG_CXX_LIBRARY = "libc++";
				CLANG_ENABLE_MODULES = YES;
				CLANG_ENABLE_OBJC_ARC = YES;
				CLANG_ENABLE_OBJC_WEAK = YES;
				CLANG_WARN_BLOCK_CAPTURE_AUTORELEASING = YES;
				CLANG_WARN_BOOL_CONVERSION = YES;
				CLANG_WARN_COMMA = YES;
				CLANG_WARN_CONSTANT_CONVERSION = YES;
				CLANG_WARN_DEPRECATED_OBJC_IMPLEMENTATIONS = YES;
				CLANG_WARN_DIRECT_OBJC_ISA_USAGE = YES_ERROR;
				CLANG_WARN_DOCUMENTATION_COMMENTS = YES;
				CLANG_WARN_EMPTY_BODY = YES;
				CLANG_WARN_ENUM_CONVERSION = YES;
				CLANG_WARN_INFINITE_RECURSION = YES;
				CLANG_WARN_INT_CONVERSION = YES;
				CLANG_WARN_NON_LITERAL_NULL_CONVERSION = YES;
				CLANG_WARN_OBJC_IMPLICIT_RETAIN_SELF = YES;
				CLANG_WARN_OBJC_LITERAL_CONVERSION = YES;
				CLANG_WARN_OBJC_ROOT_CLASS = YES_ERROR;
				CLANG_WARN_QUOTED_INCLUDE_IN_FRAMEWORK_HEADER = YES;
				CLANG_WARN_RANGE_LOOP_ANALYSIS = YES;
				CLANG_WARN_STRICT_PROTOTYPES = YES;
				CLANG_WARN_SUSPICIOUS_MOVE = YES;
				CLANG_WARN_UNGUARDED_AVAILABILITY = YES_AGGRESSIVE;
				CLANG_WARN_UNREACHABLE_CODE = YES;
				CLANG_WARN__DUPLICATE_METHOD_MATCH = YES;
				COPY_PHASE_STRIP = NO;
				DEBUG_INFORMATION_FORMAT = dwarf;
				ENABLE_STRICT_OBJC_MSGSEND = YES;
				ENABLE_TESTABILITY = YES;
				GCC_C_LANGUAGE_STANDARD = gnu11;
				GCC_DYNAMIC_NO_PIC = NO;
				GCC_NO_COMMON_BLOCKS = YES;
				GCC_OPTIMIZATION_LEVEL = 0;
				GCC_PREPROCESSOR_DEFINITIONS = (
					"DEBUG=1",
					"$(inherited)",
				);
				GCC_WARN_64_TO_32_BIT_CONVERSION = YES;
				GCC_WARN_ABOUT_RETURN_TYPE = YES_ERROR;
				GCC_WARN_UNDECLARED_SELECTOR = YES;
				GCC_WARN_UNINITIALIZED_AUTOS = YES_AGGRESSIVE;
				GCC_WARN_UNUSED_FUNCTION = YES;
				GCC_WARN_UNUSED_VARIABLE = YES;
				IPHONEOS_DEPLOYMENT_TARGET = 14.5;
				MTL_ENABLE_DEBUG_INFO = INCLUDE_SOURCE;
				MTL_FAST_MATH = YES;
				ONLY_ACTIVE_ARCH = YES;
				SDKROOT = iphoneos;
				SWIFT_ACTIVE_COMPILATION_CONDITIONS = DEBUG;
				SWIFT_OPTIMIZATION_LEVEL = "-Onone";
			};
			name = Debug;
		};
		B76BBBDC2682AA5600523DAD /* Release */ = {
			isa = XCBuildConfiguration;
			buildSettings = {
				ALWAYS_SEARCH_USER_PATHS = NO;
				CLANG_ANALYZER_NONNULL = YES;
				CLANG_ANALYZER_NUMBER_OBJECT_CONVERSION = YES_AGGRESSIVE;
				CLANG_CXX_LANGUAGE_STANDARD = "gnu++14";
				CLANG_CXX_LIBRARY = "libc++";
				CLANG_ENABLE_MODULES = YES;
				CLANG_ENABLE_OBJC_ARC = YES;
				CLANG_ENABLE_OBJC_WEAK = YES;
				CLANG_WARN_BLOCK_CAPTURE_AUTORELEASING = YES;
				CLANG_WARN_BOOL_CONVERSION = YES;
				CLANG_WARN_COMMA = YES;
				CLANG_WARN_CONSTANT_CONVERSION = YES;
				CLANG_WARN_DEPRECATED_OBJC_IMPLEMENTATIONS = YES;
				CLANG_WARN_DIRECT_OBJC_ISA_USAGE = YES_ERROR;
				CLANG_WARN_DOCUMENTATION_COMMENTS = YES;
				CLANG_WARN_EMPTY_BODY = YES;
				CLANG_WARN_ENUM_CONVERSION = YES;
				CLANG_WARN_INFINITE_RECURSION = YES;
				CLANG_WARN_INT_CONVERSION = YES;
				CLANG_WARN_NON_LITERAL_NULL_CONVERSION = YES;
				CLANG_WARN_OBJC_IMPLICIT_RETAIN_SELF = YES;
				CLANG_WARN_OBJC_LITERAL_CONVERSION = YES;
				CLANG_WARN_OBJC_ROOT_CLASS = YES_ERROR;
				CLANG_WARN_QUOTED_INCLUDE_IN_FRAMEWORK_HEADER = YES;
				CLANG_WARN_RANGE_LOOP_ANALYSIS = YES;
				CLANG_WARN_STRICT_PROTOTYPES = YES;
				CLANG_WARN_SUSPICIOUS_MOVE = YES;
				CLANG_WARN_UNGUARDED_AVAILABILITY = YES_AGGRESSIVE;
				CLANG_WARN_UNREACHABLE_CODE = YES;
				CLANG_WARN__DUPLICATE_METHOD_MATCH = YES;
				COPY_PHASE_STRIP = NO;
				DEBUG_INFORMATION_FORMAT = "dwarf-with-dsym";
				ENABLE_NS_ASSERTIONS = NO;
				ENABLE_STRICT_OBJC_MSGSEND = YES;
				GCC_C_LANGUAGE_STANDARD = gnu11;
				GCC_NO_COMMON_BLOCKS = YES;
				GCC_WARN_64_TO_32_BIT_CONVERSION = YES;
				GCC_WARN_ABOUT_RETURN_TYPE = YES_ERROR;
				GCC_WARN_UNDECLARED_SELECTOR = YES;
				GCC_WARN_UNINITIALIZED_AUTOS = YES_AGGRESSIVE;
				GCC_WARN_UNUSED_FUNCTION = YES;
				GCC_WARN_UNUSED_VARIABLE = YES;
				IPHONEOS_DEPLOYMENT_TARGET = 14.5;
				MTL_ENABLE_DEBUG_INFO = NO;
				MTL_FAST_MATH = YES;
				SDKROOT = iphoneos;
				SWIFT_COMPILATION_MODE = wholemodule;
				SWIFT_OPTIMIZATION_LEVEL = "-O";
				VALIDATE_PRODUCT = YES;
			};
			name = Release;
		};
		B76BBBDE2682AA5600523DAD /* Debug */ = {
			isa = XCBuildConfiguration;
			buildSettings = {
				ASSETCATALOG_COMPILER_APPICON_NAME = AppIcon;
				ASSETCATALOG_COMPILER_GLOBAL_ACCENT_COLOR_NAME = AccentColor;
				CODE_SIGN_STYLE = Automatic;
				DEVELOPMENT_ASSET_PATHS = "\"MiniChallenge/Preview Content\"";
				DEVELOPMENT_TEAM = 4957F54262;
				ENABLE_PREVIEWS = YES;
				INFOPLIST_FILE = MiniChallenge/Info.plist;
				IPHONEOS_DEPLOYMENT_TARGET = 14.0;
				LD_RUNPATH_SEARCH_PATHS = (
					"$(inherited)",
					"@executable_path/Frameworks",
				);
				PRODUCT_BUNDLE_IDENTIFIER = com.djenifer.MiniChallenge;
				PRODUCT_NAME = "$(TARGET_NAME)";
				SWIFT_VERSION = 5.0;
				TARGETED_DEVICE_FAMILY = "1,2";
			};
			name = Debug;
		};
		B76BBBDF2682AA5600523DAD /* Release */ = {
			isa = XCBuildConfiguration;
			buildSettings = {
				ASSETCATALOG_COMPILER_APPICON_NAME = AppIcon;
				ASSETCATALOG_COMPILER_GLOBAL_ACCENT_COLOR_NAME = AccentColor;
				CODE_SIGN_STYLE = Automatic;
				DEVELOPMENT_ASSET_PATHS = "\"MiniChallenge/Preview Content\"";
				DEVELOPMENT_TEAM = 4957F54262;
				ENABLE_PREVIEWS = YES;
				INFOPLIST_FILE = MiniChallenge/Info.plist;
				IPHONEOS_DEPLOYMENT_TARGET = 14.0;
				LD_RUNPATH_SEARCH_PATHS = (
					"$(inherited)",
					"@executable_path/Frameworks",
				);
				PRODUCT_BUNDLE_IDENTIFIER = com.djenifer.MiniChallenge;
				PRODUCT_NAME = "$(TARGET_NAME)";
				SWIFT_VERSION = 5.0;
				TARGETED_DEVICE_FAMILY = "1,2";
			};
			name = Release;
		};
/* End XCBuildConfiguration section */

/* Begin XCConfigurationList section */
		B76BBBC92682AA5500523DAD /* Build configuration list for PBXProject "MiniChallenge" */ = {
			isa = XCConfigurationList;
			buildConfigurations = (
				B76BBBDB2682AA5600523DAD /* Debug */,
				B76BBBDC2682AA5600523DAD /* Release */,
			);
			defaultConfigurationIsVisible = 0;
			defaultConfigurationName = Release;
		};
		B76BBBDD2682AA5600523DAD /* Build configuration list for PBXNativeTarget "MiniChallenge" */ = {
			isa = XCConfigurationList;
			buildConfigurations = (
				B76BBBDE2682AA5600523DAD /* Debug */,
				B76BBBDF2682AA5600523DAD /* Release */,
			);
			defaultConfigurationIsVisible = 0;
			defaultConfigurationName = Release;
		};
/* End XCConfigurationList section */
	};
	rootObject = B76BBBC62682AA5500523DAD /* Project object */;
}
